
Microsoft Visual Studio Solution File, Format Version 12.00
# Visual Studio Version 17
VisualStudioVersion = 17.13.35931.197 d17.13
MinimumVisualStudioVersion = 10.0.40219.1
Project("{FAE04EC0-301F-11D3-BF4B-00C04F79EFBC}") = "BestStoreApp", "BestStoreApp\BestStoreApp.csproj", "{46B3E4A7-8350-4707-964A-2C4F7B427AEC}"
EndProject
Global
	GlobalSection(SolutionConfigurationPlatforms) = preSolution
		Debug|Any CPU = Debug|Any CPU
		Release|Any CPU = Release|Any CPU
	EndGlobalSection
	GlobalSection(ProjectConfigurationPlatforms) = postSolution
		{46B3E4A7-8350-4707-964A-2C4F7B427AEC}.Debug|Any CPU.ActiveCfg = Debug|Any CPU
		{46B3E4A7-8350-4707-964A-2C4F7B427AEC}.Debug|Any CPU.Build.0 = Debug|Any CPU
		{46B3E4A7-8350-4707-964A-2C4F7B427AEC}.Release|Any CPU.ActiveCfg = Release|Any CPU
		{46B3E4A7-8350-4707-964A-2C4F7B427AEC}.Release|Any CPU.Build.0 = Release|Any CPU
	EndGlobalSection
	GlobalSection(SolutionProperties) = preSolution
		HideSolutionNode = FALSE
	EndGlobalSection
	GlobalSection(ExtensibilityGlobals) = postSolution
		SolutionGuid = {123FFA4B-BC80-4744-A15F-D227154611B3}
	EndGlobalSection
EndGlobal
